
Microsoft Visual Studio Solution File, Format Version 12.00
# Visual Studio Version 16
VisualStudioVersion = 16.0.29324.140
MinimumVisualStudioVersion = 10.0.40219.1
Project("{FAE04EC0-301F-11D3-BF4B-00C04F79EFBC}") = "AsyncPrdouct", "AsyncPrdouct\AsyncPrdouct.csproj", "{01AFB1CF-A049-48A5-AFCC-39828A139599}"
EndProject
Global
	GlobalSection(SolutionConfigurationPlatforms) = preSolution
		Debug|Any CPU = Debug|Any CPU
		Release|Any CPU = Release|Any CPU
	EndGlobalSection
	GlobalSection(ProjectConfigurationPlatforms) = postSolution
		{01AFB1CF-A049-48A5-AFCC-39828A139599}.Debug|Any CPU.ActiveCfg = Debug|Any CPU
		{01AFB1CF-A049-48A5-AFCC-39828A139599}.Debug|Any CPU.Build.0 = Debug|Any CPU
		{01AFB1CF-A049-48A5-AFCC-39828A139599}.Release|Any CPU.ActiveCfg = Release|Any CPU
		{01AFB1CF-A049-48A5-AFCC-39828A139599}.Release|Any CPU.Build.0 = Release|Any CPU
	EndGlobalSection
	GlobalSection(SolutionProperties) = preSolution
		HideSolutionNode = FALSE
	EndGlobalSection
	GlobalSection(ExtensibilityGlobals) = postSolution
		SolutionGuid = {4BF73691-15D7-4A20-AD92-E8C8222C63FD}
	EndGlobalSection
EndGlobal
